
Microsoft Visual Studio Solution File, Format Version 12.00
# Visual Studio 15
Project("{FAE04EC0-301F-11D3-BF4B-00C04F79EFBC}") = "Assembly-CSharp", "Assembly-CSharp.csproj", "{8C66ECF2-FE04-37AD-5983-596E49ED842F}"
EndProject
Project("{FAE04EC0-301F-11D3-BF4B-00C04F79EFBC}") = "Assembly-CSharp-firstpass", "Assembly-CSharp-firstpass.csproj", "{D4E7490E-669C-225A-D7B3-29174D453EEC}"
EndProject
Project("{FAE04EC0-301F-11D3-BF4B-00C04F79EFBC}") = "Assembly-CSharp-Editor-firstpass", "Assembly-CSharp-Editor-firstpass.csproj", "{A4B746C7-B1C8-FAD7-E577-9EEFC94C978D}"
EndProject
Global
	GlobalSection(SolutionConfigurationPlatforms) = preSolution
		Debug|Any CPU = Debug|Any CPU
		Release|Any CPU = Release|Any CPU
	EndGlobalSection
	GlobalSection(ProjectConfigurationPlatforms) = postSolution
		{8C66ECF2-FE04-37AD-5983-596E49ED842F}.Debug|Any CPU.ActiveCfg = Debug|Any CPU
		{8C66ECF2-FE04-37AD-5983-596E49ED842F}.Debug|Any CPU.Build.0 = Debug|Any CPU
		{8C66ECF2-FE04-37AD-5983-596E49ED842F}.Release|Any CPU.ActiveCfg = Release|Any CPU
		{8C66ECF2-FE04-37AD-5983-596E49ED842F}.Release|Any CPU.Build.0 = Release|Any CPU
		{D4E7490E-669C-225A-D7B3-29174D453EEC}.Debug|Any CPU.ActiveCfg = Debug|Any CPU
		{D4E7490E-669C-225A-D7B3-29174D453EEC}.Debug|Any CPU.Build.0 = Debug|Any CPU
		{D4E7490E-669C-225A-D7B3-29174D453EEC}.Release|Any CPU.ActiveCfg = Release|Any CPU
		{D4E7490E-669C-225A-D7B3-29174D453EEC}.Release|Any CPU.Build.0 = Release|Any CPU
		{A4B746C7-B1C8-FAD7-E577-9EEFC94C978D}.Debug|Any CPU.ActiveCfg = Debug|Any CPU
		{A4B746C7-B1C8-FAD7-E577-9EEFC94C978D}.Debug|Any CPU.Build.0 = Debug|Any CPU
		{A4B746C7-B1C8-FAD7-E577-9EEFC94C978D}.Release|Any CPU.ActiveCfg = Release|Any CPU
		{A4B746C7-B1C8-FAD7-E577-9EEFC94C978D}.Release|Any CPU.Build.0 = Release|Any CPU
	EndGlobalSection
	GlobalSection(SolutionProperties) = preSolution
		HideSolutionNode = FALSE
	EndGlobalSection
EndGlobal
